<Solution>
  <Folder Name="/ApiGateways/">
    <Project Path="ApiGateways/YarpApiGateway/YarpApiGateway.csproj" Id="1a5a456c-39ae-4b30-9b81-ac2645cc6b64" />
  </Folder>
  <Folder Name="/BuildingBlocks/">
    <Project Path="BuildingBlocks/BuildingBlocks.Messaging/BuildingBlocks.Messaging.csproj" Id="91c1cffb-3937-4efa-afa7-7128ebe8d2da" />
    <Project Path="BuildingBlocks/BuildingBlocks/BuildingBlocks.csproj" Id="ec843672-6360-4f85-9530-ff2c39e46ac0" />
  </Folder>
  <Folder Name="/Services/" />
  <Folder Name="/Services/Basket/">
    <Project Path="Services/Basket/Basket.API/Basket.API.csproj" Id="e6d64823-570d-4c73-aca8-9699e5215c00" />
  </Folder>
  <Folder Name="/Services/Catalog/">
    <Project Path="Services/Catalog/Catalog.API/Catalog.API.csproj" Id="7995d809-e192-4304-8dc8-31077b191f77" />
  </Folder>
  <Folder Name="/Services/Discount/">
    <Project Path="Services/Discount/Discount.Grpc/Discount.Grpc.csproj" Id="b6ba08ba-4614-43c0-bff6-0bbb62610ecf" />
  </Folder>
  <Folder Name="/Services/Ordering/">
    <Project Path="Services/Ordering/Ordering.API/Ordering.API.csproj" Id="beb57480-f49c-4a26-acf4-a281fc080808" />
    <Project Path="Services/Ordering/Ordering.Application/Ordering.Application.csproj" Id="e9fd460d-e51d-4527-bdf5-5b0ea1e5e538" />
    <Project Path="Services/Ordering/Ordering.Domain/Ordering.Domain.csproj" Id="5a845e1d-97f2-4fb7-a044-aed45794efb4" />
    <Project Path="Services/Ordering/Ordering.Infrastructure/Ordering.Infrastructure.csproj" Id="ee61abee-5f41-47bf-bff1-bca4e65bb346" />
  </Folder>
  <Project Path="docker-compose.dcproj">
    <Build />
  </Project>
</Solution>
